
Microsoft Visual Studio Solution File, Format Version 12.00
# Visual Studio 15
VisualStudioVersion = 15.0.28010.2048
MinimumVisualStudioVersion = 10.0.40219.1
Project("{FAE04EC0-301F-11D3-BF4B-00C04F79EFBC}") = "Galaxy.Base.Domain", "Galaxy\Galaxy.Base.Domain.csproj", "{8F7C52E6-965C-4C02-BDA3-9E81C73A9A6C}"
EndProject
Project("{FAE04EC0-301F-11D3-BF4B-00C04F79EFBC}") = "Galaxy.Base.Data", "Galaxy.Base.Data\Galaxy.Base.Data.csproj", "{2365C9EB-CA39-43D7-83FE-A8A7064B0168}"
EndProject
Project("{FAE04EC0-301F-11D3-BF4B-00C04F79EFBC}") = "Purchase.Domain", "Purchase.Domain\Purchase.Domain.csproj", "{B9AB779D-3DF3-4685-86C2-F21D9943FDA3}"
EndProject
Project("{FAE04EC0-301F-11D3-BF4B-00C04F79EFBC}") = "Purchase.Data", "Purchase.Data\Purchase.Data.csproj", "{573A2D16-9994-4140-9935-CFD662D9BE9D}"
EndProject
Global
	GlobalSection(SolutionConfigurationPlatforms) = preSolution
		Debug|Any CPU = Debug|Any CPU
		Release|Any CPU = Release|Any CPU
	EndGlobalSection
	GlobalSection(ProjectConfigurationPlatforms) = postSolution
		{8F7C52E6-965C-4C02-BDA3-9E81C73A9A6C}.Debug|Any CPU.ActiveCfg = Debug|Any CPU
		{8F7C52E6-965C-4C02-BDA3-9E81C73A9A6C}.Debug|Any CPU.Build.0 = Debug|Any CPU
		{8F7C52E6-965C-4C02-BDA3-9E81C73A9A6C}.Release|Any CPU.ActiveCfg = Release|Any CPU
		{8F7C52E6-965C-4C02-BDA3-9E81C73A9A6C}.Release|Any CPU.Build.0 = Release|Any CPU
		{2365C9EB-CA39-43D7-83FE-A8A7064B0168}.Debug|Any CPU.ActiveCfg = Debug|Any CPU
		{2365C9EB-CA39-43D7-83FE-A8A7064B0168}.Debug|Any CPU.Build.0 = Debug|Any CPU
		{2365C9EB-CA39-43D7-83FE-A8A7064B0168}.Release|Any CPU.ActiveCfg = Release|Any CPU
		{2365C9EB-CA39-43D7-83FE-A8A7064B0168}.Release|Any CPU.Build.0 = Release|Any CPU
		{B9AB779D-3DF3-4685-86C2-F21D9943FDA3}.Debug|Any CPU.ActiveCfg = Debug|Any CPU
		{B9AB779D-3DF3-4685-86C2-F21D9943FDA3}.Debug|Any CPU.Build.0 = Debug|Any CPU
		{B9AB779D-3DF3-4685-86C2-F21D9943FDA3}.Release|Any CPU.ActiveCfg = Release|Any CPU
		{B9AB779D-3DF3-4685-86C2-F21D9943FDA3}.Release|Any CPU.Build.0 = Release|Any CPU
		{573A2D16-9994-4140-9935-CFD662D9BE9D}.Debug|Any CPU.ActiveCfg = Debug|Any CPU
		{573A2D16-9994-4140-9935-CFD662D9BE9D}.Debug|Any CPU.Build.0 = Debug|Any CPU
		{573A2D16-9994-4140-9935-CFD662D9BE9D}.Release|Any CPU.ActiveCfg = Release|Any CPU
		{573A2D16-9994-4140-9935-CFD662D9BE9D}.Release|Any CPU.Build.0 = Release|Any CPU
	EndGlobalSection
	GlobalSection(SolutionProperties) = preSolution
		HideSolutionNode = FALSE
	EndGlobalSection
	GlobalSection(ExtensibilityGlobals) = postSolution
		SolutionGuid = {9A0A0320-F489-4A3C-9BBA-432B74A5B83C}
	EndGlobalSection
EndGlobal
